version = 1
revision = 3
requires-python = ">=3.12"

[[package]]
name = "asgiref"
version = "3.12.1"
source = { registry = "https://pypi.org/simple" }
sdist = { url = "https://files.pythonhosted.org/packages/e6/26/3b59f2bdae5f640389becb1f673cded775287f5fc4f816309d9ca9a3f93d/asgiref-3.12.1.tar.gz", hash = "sha256:59dcb51c272ad209d59bed5708a64a333083e86017d7fcdd67498eeab7784340", size = 42378, upload-time = "2026-07-14T09:56:18.087Z" }
wheels = [
    { url = "https://files.pythonhosted.org/packages/c0/1b/54f4ad77cd8a584fa70746c47df988e002cf1ee1eba43364d46f87803647/asgiref-3.12.1-py3-none-any.whl", hash = "sha256:fe386d1c2bff7259ea95929266d12a8cf9a8b5a1c2598402967d8792e7a7c094", size = 25478, upload-time = "2026-07-14T09:56:16.926Z" },
]

[[package]]
name = "django"
version = "5.2.7"
source = { registry = "https://pypi.org/simple" }
dependencies = [
    { name = "asgiref" },
    { name = "sqlparse" },
    { name = "tzdata", marker = "sys_platform == 'win32'" },
]
sdist = { url = "https://files.pythonhosted.org/packages/b1/96/bd84e2bb997994de8bcda47ae4560991084e86536541d7214393880f01a8/django-5.2.7.tar.gz", hash = "sha256:e0f6f12e2551b1716a95a63a1366ca91bbcd7be059862c1b18f989b1da356cdd", size = 10865812, upload-time = "2025-10-01T14:22:12.081Z" }
wheels = [
    { url = "https://files.pythonhosted.org/packages/8f/ef/81f3372b5dd35d8d354321155d1a38894b2b766f576d0abffac4d8ae78d9/django-5.2.7-py3-none-any.whl", hash = "sha256:59a13a6515f787dec9d97a0438cd2efac78c8aca1c80025244b0fe507fe0754b", size = 8307145, upload-time = "2025-10-01T14:22:49.476Z" },
]

[[package]]
name = "et-xmlfile"
version = "2.0.0"
source = { registry = "https://pypi.org/simple" }
sdist = { url = "https://files.pythonhosted.org/packages/d3/38/af70d7ab1ae9d4da450eeec1fa3918940a5fafb9055e934af8d6eb0c2313/et_xmlfile-2.0.0.tar.gz", hash = "sha256:dab3f4764309081ce75662649be815c4c9081e88f0837825f90fd28317d4da54", size = 17234, upload-time = "2024-10-25T17:25:40.039Z" }
wheels = [
    { url = "https://files.pythonhosted.org/packages/c1/8b/5fe2cc11fee489817272089c4203e679c63b570a5aaeb18d852ae3cbba6a/et_xmlfile-2.0.0-py3-none-any.whl", hash = "sha256:7a91720bc756843502c3b7504c77b8fe44217c85c537d85037f0f536151b2caa", size = 18059, upload-time = "2024-10-25T17:25:39.051Z" },
]

[[package]]
name = "karaoke-pos"
version = "0.1.0"
source = { virtual = "." }
dependencies = [
    { name = "django" },
    { name = "openpyxl" },
]

[package.metadata]
requires-dist = [
    { name = "django", specifier = "==5.2.7" },
    { name = "openpyxl", specifier = ">=3.1.5" },
]

[[package]]
name = "openpyxl"
version = "3.1.5"
source = { registry = "https://pypi.org/simple" }
dependencies = [
    { name = "et-xmlfile" },
]
sdist = { url = "https://files.pythonhosted.org/packages/3d/f9/88d94a75de065ea32619465d2f77b29a0469500e99012523b91cc4141cd1/openpyxl-3.1.5.tar.gz", hash = "sha256:cf0e3cf56142039133628b5acffe8ef0c12bc902d2aadd3e0fe5878dc08d1050", size = 186464, upload-time = "2024-06-28T14:03:44.161Z" }
wheels = [
    { url = "https://files.pythonhosted.org/packages/c0/da/977ded879c29cbd04de313843e76868e6e13408a94ed6b987245dc7c8506/openpyxl-3.1.5-py2.py3-none-any.whl", hash = "sha256:5282c12b107bffeef825f4617dc029afaf41d0ea60823bbb665ef3079dc79de2", size = 250910, upload-time = "2024-06-28T14:03:41.161Z" },
]

[[package]]
name = "sqlparse"
version = "0.6.0"
source = { registry = "https://pypi.org/simple" }
sdist = { url = "https://files.pythonhosted.org/packages/5f/d3/3f06a1006f2261d1342aefb3c71eed02f5d4ca5bdbecd86ebc12ad38306e/sqlparse-0.6.0.tar.gz", hash = "sha256:113c35c75365ab9cc9c7231d68c6428fb11c085fc8e9eb1ad659b7ddbf6cd2b9", size = 178477, upload-time = "2026-08-13T19:16:06.396Z" }
wheels = [
    { url = "https://files.pythonhosted.org/packages/d9/50/f00935da0ec7cbf325f8dc4f772ae46fbc7b672dd62876e73f0a94adda57/sqlparse-0.6.0-py3-none-any.whl", hash = "sha256:b861c0288ce2fa56209a9a6412d2e066ac664b3873b89c26c9d8415e8e32996f", size = 50070, upload-time = "2026-08-13T19:16:04.062Z" },
]

[[package]]
name = "tzdata"
version = "2026.3"
source = { registry = "https://pypi.org/simple" }
sdist = { url = "https://files.pythonhosted.org/packages/92/ff/5a28bdfd8c3ebec42564ac7d0e54ca3db65044a9314a97f9564fa7a1e926/tzdata-2026.3.tar.gz", hash = "sha256:4a1518b8993086a7982523e071643f3c0e5f213e75b21318e78bcabfff9d1415", size = 198674, upload-time = "2026-07-10T08:50:37.887Z" }
wheels = [
    { url = "https://files.pythonhosted.org/packages/e5/6d/b53b99a9f2766d095985947a5782f1702cabb129a34f7a802d7197af832f/tzdata-2026.3-py2.py3-none-any.whl", hash = "sha256:dc096730c87af6cab1b171c9d532be840741ff5d459015e7f6947bd7d7e54931", size = 348168, upload-time = "2026-07-10T08:50:36.46Z" },
]
